
Microsoft Visual Studio Solution File, Format Version 12.00
# Visual Studio Version 16
VisualStudioVersion = 16.0.29215.179
MinimumVisualStudioVersion = 10.0.40219.1
Project("{FAE04EC0-301F-11D3-BF4B-00C04F79EFBC}") = "Талончик", "Талончик\Талончик.csproj", "{CFD093F3-EA15-4EDA-B3D1-27F3C03849BC}"
EndProject
Global
	GlobalSection(SolutionConfigurationPlatforms) = preSolution
		Debug|Any CPU = Debug|Any CPU
		Release|Any CPU = Release|Any CPU
	EndGlobalSection
	GlobalSection(ProjectConfigurationPlatforms) = postSolution
		{CFD093F3-EA15-4EDA-B3D1-27F3C03849BC}.Debug|Any CPU.ActiveCfg = Debug|Any CPU
		{CFD093F3-EA15-4EDA-B3D1-27F3C03849BC}.Debug|Any CPU.Build.0 = Debug|Any CPU
		{CFD093F3-EA15-4EDA-B3D1-27F3C03849BC}.Release|Any CPU.ActiveCfg = Release|Any CPU
		{CFD093F3-EA15-4EDA-B3D1-27F3C03849BC}.Release|Any CPU.Build.0 = Release|Any CPU
	EndGlobalSection
	GlobalSection(SolutionProperties) = preSolution
		HideSolutionNode = FALSE
	EndGlobalSection
	GlobalSection(ExtensibilityGlobals) = postSolution
		SolutionGuid = {4FB6B6FC-B391-4F59-AC1A-593A048F85D1}
	EndGlobalSection
EndGlobal
